{
  "name": "joseki",
  "version": "1.0.0",
  "lockfileVersion": 1,
  "requires": true,
  "dependencies": {
    "howler": {
      "version": "2.0.9",
      "resolved": "https://registry.npmjs.org/howler/-/howler-2.0.9.tgz",
      "integrity": "sha512-nBCs3ICTvlgjGYpyl1Xmiz6h9uMo07BRngund64Gm+4yD1MUTV/JAETDR9aPwg29OLh+lnY7M5dLDDlCriKgPw=="
    },
    "uid": {
      "version": "0.0.2",
      "resolved": "https://registry.npmjs.org/uid/-/uid-0.0.2.tgz",
      "integrity": "sha1-XkpdS3gTi09w+J/Tx2/FmqnS8QM="
    },
    "underscore": {
      "version": "1.12.1",
      "resolved": "https://registry.npmjs.org/underscore/-/underscore-1.12.1.tgz",
      "integrity": "sha512-hEQt0+ZLDVUMhebKxL4x1BTtDY7bavVofhZ9KZ4aI26X9SRaE+Y3m83XUL1UP2jn8ynjndwCCpEHdUG+9pP1Tw=="
    }
  }
}
